// !$*UTF8*$!
{
	archiveVersion = 1;
	classes = {
	};
	objectVersion = 46;
	objects = {

/* Begin PBXBuildFile section */
		6622AEB118CD898F0038B1E1 /* ADDatePickerCell.m in Sources */ = {isa = PBXBuildFile; fileRef = 6622AEB018CD898F0038B1E1 /* ADDatePickerCell.m */; };
		66CE295018BFF4DD00D15BF7 /* ADToggleCell.m in Sources */ = {isa = PBXBuildFile; fileRef = 66CE294F18BFF4DD00D15BF7 /* ADToggleCell.m */; };
		66F2C17118B5860100C90545 /* ADTextAreaCell.m in Sources */ = {isa = PBXBuildFile; fileRef = 66F2C17018B5860100C90545 /* ADTextAreaCell.m */; };
		66F2C18018B5B3A100C90545 /* ADPickerCell.m in Sources */ = {isa = PBXBuildFile; fileRef = 66F2C17F18B5B3A100C90545 /* ADPickerCell.m */; };
		8456993517FFB3FB003C08B6 /* UIImage+bundle.m in Sources */ = {isa = PBXBuildFile; fileRef = 8456993417FFB3FB003C08B6 /* UIImage+bundle.m */; };
		8456993D17FFC4A6003C08B6 /* ADOptionCell.m in Sources */ = {isa = PBXBuildFile; fileRef = 8456993C17FFC4A6003C08B6 /* ADOptionCell.m */; };
		8456994017FFC6F4003C08B6 /* ADFormOptionsViewController.m in Sources */ = {isa = PBXBuildFile; fileRef = 8456993F17FFC6F4003C08B6 /* ADFormOptionsViewController.m */; };
		A250657617535DAD0095B09D /* Foundation.framework in Frameworks */ = {isa = PBXBuildFile; fileRef = A250657517535DAD0095B09D /* Foundation.framework */; };
		A250657B17535DAD0095B09D /* ADFormViewController.h in CopyFiles */ = {isa = PBXBuildFile; fileRef = A250657A17535DAD0095B09D /* ADFormViewController.h */; };
		A250658417535DCC0095B09D /* UIKit.framework in Frameworks */ = {isa = PBXBuildFile; fileRef = A250658317535DCC0095B09D /* UIKit.framework */; };
		A250659C17535F7D0095B09D /* ADTextFieldCell.m in Sources */ = {isa = PBXBuildFile; fileRef = A250659917535E9F0095B09D /* ADTextFieldCell.m */; };
		A25065A0175361090095B09D /* ADSectionObject.m in Sources */ = {isa = PBXBuildFile; fileRef = A250659F175361090095B09D /* ADSectionObject.m */; };
		A25065A3175361330095B09D /* ADCellObject.m in Sources */ = {isa = PBXBuildFile; fileRef = A25065A2175361330095B09D /* ADCellObject.m */; };
		A25065A5175364E00095B09D /* ADFormViewController.m in Sources */ = {isa = PBXBuildFile; fileRef = A250657C17535DAD0095B09D /* ADFormViewController.m */; };
		A25065A817536B5A0095B09D /* ADTableViewCell.m in Sources */ = {isa = PBXBuildFile; fileRef = A25065A717536B5A0095B09D /* ADTableViewCell.m */; };
		A25065CA1753873C0095B09D /* ADButtonCell.m in Sources */ = {isa = PBXBuildFile; fileRef = A25065C91753873C0095B09D /* ADButtonCell.m */; };
/* End PBXBuildFile section */

/* Begin PBXCopyFilesBuildPhase section */
		A250657017535DAD0095B09D /* CopyFiles */ = {
			isa = PBXCopyFilesBuildPhase;
			buildActionMask = 2147483647;
			dstPath = "include/${PRODUCT_NAME}";
			dstSubfolderSpec = 16;
			files = (
				A250657B17535DAD0095B09D /* ADFormViewController.h in CopyFiles */,
			);
			runOnlyForDeploymentPostprocessing = 0;
		};
/* End PBXCopyFilesBuildPhase section */

/* Begin PBXFileReference section */
		6622AEAE18CD89760038B1E1 /* ADDatePickerCell.xib */ = {isa = PBXFileReference; lastKnownFileType = file.xib; path = ADDatePickerCell.xib; sourceTree = "<group>"; };
		6622AEAF18CD898F0038B1E1 /* ADDatePickerCell.h */ = {isa = PBXFileReference; fileEncoding = 4; lastKnownFileType = sourcecode.c.h; path = ADDatePickerCell.h; sourceTree = "<group>"; };
		6622AEB018CD898F0038B1E1 /* ADDatePickerCell.m */ = {isa = PBXFileReference; fileEncoding = 4; lastKnownFileType = sourcecode.c.objc; path = ADDatePickerCell.m; sourceTree = "<group>"; };
		662DB6A818CEAC8900BD85EE /* ADPickerCell.xib */ = {isa = PBXFileReference; lastKnownFileType = file.xib; path = ADPickerCell.xib; sourceTree = "<group>"; };
		664076D518B564870063CF45 /* arrow-backward.png */ = {isa = PBXFileReference; lastKnownFileType = image.png; path = "arrow-backward.png"; sourceTree = "<group>"; };
		664076D618B564870063CF45 /* arrow-backward@2x.png */ = {isa = PBXFileReference; lastKnownFileType = image.png; path = "arrow-backward@2x.png"; sourceTree = "<group>"; };
		664076D918B5648E0063CF45 /* arrow-forward.png */ = {isa = PBXFileReference; lastKnownFileType = image.png; path = "arrow-forward.png"; sourceTree = "<group>"; };
		664076DA18B5648E0063CF45 /* arrow-forward@2x.png */ = {isa = PBXFileReference; lastKnownFileType = image.png; path = "arrow-forward@2x.png"; sourceTree = "<group>"; };
		66CE294D18BFF4C700D15BF7 /* ADToggleCell.xib */ = {isa = PBXFileReference; lastKnownFileType = file.xib; path = ADToggleCell.xib; sourceTree = "<group>"; };
		66CE294E18BFF4DD00D15BF7 /* ADToggleCell.h */ = {isa = PBXFileReference; fileEncoding = 4; lastKnownFileType = sourcecode.c.h; path = ADToggleCell.h; sourceTree = "<group>"; };
		66CE294F18BFF4DD00D15BF7 /* ADToggleCell.m */ = {isa = PBXFileReference; fileEncoding = 4; lastKnownFileType = sourcecode.c.objc; path = ADToggleCell.m; sourceTree = "<group>"; };
		66F2C16118B5657700C90545 /* ADFormViewController.podspec */ = {isa = PBXFileReference; fileEncoding = 4; lastKnownFileType = text; path = ADFormViewController.podspec; sourceTree = "<group>"; };
		66F2C16218B5683900C90545 /* README.md */ = {isa = PBXFileReference; fileEncoding = 4; lastKnownFileType = text; path = README.md; sourceTree = "<group>"; };
		66F2C16F18B5860100C90545 /* ADTextAreaCell.h */ = {isa = PBXFileReference; fileEncoding = 4; lastKnownFileType = sourcecode.c.h; path = ADTextAreaCell.h; sourceTree = "<group>"; };
		66F2C17018B5860100C90545 /* ADTextAreaCell.m */ = {isa = PBXFileReference; fileEncoding = 4; lastKnownFileType = sourcecode.c.objc; path = ADTextAreaCell.m; sourceTree = "<group>"; };
		66F2C17218B5860700C90545 /* ADTextAreaCell.xib */ = {isa = PBXFileReference; lastKnownFileType = file.xib; path = ADTextAreaCell.xib; sourceTree = "<group>"; };
		66F2C17E18B5B3A100C90545 /* ADPickerCell.h */ = {isa = PBXFileReference; fileEncoding = 4; lastKnownFileType = sourcecode.c.h; path = ADPickerCell.h; sourceTree = "<group>"; };
		66F2C17F18B5B3A100C90545 /* ADPickerCell.m */ = {isa = PBXFileReference; fileEncoding = 4; lastKnownFileType = sourcecode.c.objc; path = ADPickerCell.m; sourceTree = "<group>"; };
		8456993317FFB3FB003C08B6 /* UIImage+bundle.h */ = {isa = PBXFileReference; fileEncoding = 4; lastKnownFileType = sourcecode.c.h; path = "UIImage+bundle.h"; sourceTree = "<group>"; };
		8456993417FFB3FB003C08B6 /* UIImage+bundle.m */ = {isa = PBXFileReference; fileEncoding = 4; lastKnownFileType = sourcecode.c.objc; path = "UIImage+bundle.m"; sourceTree = "<group>"; };
		8456993B17FFC4A6003C08B6 /* ADOptionCell.h */ = {isa = PBXFileReference; fileEncoding = 4; lastKnownFileType = sourcecode.c.h; path = ADOptionCell.h; sourceTree = "<group>"; };
		8456993C17FFC4A6003C08B6 /* ADOptionCell.m */ = {isa = PBXFileReference; fileEncoding = 4; lastKnownFileType = sourcecode.c.objc; path = ADOptionCell.m; sourceTree = "<group>"; };
		8456993E17FFC6F4003C08B6 /* ADFormOptionsViewController.h */ = {isa = PBXFileReference; fileEncoding = 4; lastKnownFileType = sourcecode.c.h; path = ADFormOptionsViewController.h; sourceTree = "<group>"; };
		8456993F17FFC6F4003C08B6 /* ADFormOptionsViewController.m */ = {isa = PBXFileReference; fileEncoding = 4; lastKnownFileType = sourcecode.c.objc; path = ADFormOptionsViewController.m; sourceTree = "<group>"; };
		A250657217535DAD0095B09D /* libADFormViewController.a */ = {isa = PBXFileReference; explicitFileType = archive.ar; includeInIndex = 0; path = libADFormViewController.a; sourceTree = BUILT_PRODUCTS_DIR; };
		A250657517535DAD0095B09D /* Foundation.framework */ = {isa = PBXFileReference; lastKnownFileType = wrapper.framework; name = Foundation.framework; path = System/Library/Frameworks/Foundation.framework; sourceTree = SDKROOT; };
		A250657917535DAD0095B09D /* ADFormViewController-Prefix.pch */ = {isa = PBXFileReference; lastKnownFileType = sourcecode.c.h; path = "ADFormViewController-Prefix.pch"; sourceTree = "<group>"; };
		A250657A17535DAD0095B09D /* ADFormViewController.h */ = {isa = PBXFileReference; lastKnownFileType = sourcecode.c.h; path = ADFormViewController.h; sourceTree = "<group>"; };
		A250657C17535DAD0095B09D /* ADFormViewController.m */ = {isa = PBXFileReference; lastKnownFileType = sourcecode.c.objc; path = ADFormViewController.m; sourceTree = "<group>"; };
		A250658317535DCC0095B09D /* UIKit.framework */ = {isa = PBXFileReference; lastKnownFileType = wrapper.framework; name = UIKit.framework; path = System/Library/Frameworks/UIKit.framework; sourceTree = SDKROOT; };
		A250658A17535E7E0095B09D /* CoreFoundation.framework */ = {isa = PBXFileReference; lastKnownFileType = wrapper.framework; name = CoreFoundation.framework; path = System/Library/Frameworks/CoreFoundation.framework; sourceTree = SDKROOT; };
		A250659617535E950095B09D /* ADTextFieldCell.xib */ = {isa = PBXFileReference; fileEncoding = 4; lastKnownFileType = file.xib; path = ADTextFieldCell.xib; sourceTree = "<group>"; };
		A250659817535E9F0095B09D /* ADTextFieldCell.h */ = {isa = PBXFileReference; lastKnownFileType = sourcecode.c.h; path = ADTextFieldCell.h; sourceTree = "<group>"; };
		A250659917535E9F0095B09D /* ADTextFieldCell.m */ = {isa = PBXFileReference; lastKnownFileType = sourcecode.c.objc; path = ADTextFieldCell.m; sourceTree = "<group>"; };
		A250659E175361090095B09D /* ADSectionObject.h */ = {isa = PBXFileReference; fileEncoding = 4; lastKnownFileType = sourcecode.c.h; path = ADSectionObject.h; sourceTree = "<group>"; };
		A250659F175361090095B09D /* ADSectionObject.m */ = {isa = PBXFileReference; fileEncoding = 4; lastKnownFileType = sourcecode.c.objc; path = ADSectionObject.m; sourceTree = "<group>"; };
		A25065A1175361330095B09D /* ADCellObject.h */ = {isa = PBXFileReference; fileEncoding = 4; lastKnownFileType = sourcecode.c.h; path = ADCellObject.h; sourceTree = "<group>"; };
		A25065A2175361330095B09D /* ADCellObject.m */ = {isa = PBXFileReference; fileEncoding = 4; lastKnownFileType = sourcecode.c.objc; path = ADCellObject.m; sourceTree = "<group>"; };
		A25065A4175362560095B09D /* ADFormViewConstants.h */ = {isa = PBXFileReference; fileEncoding = 4; lastKnownFileType = sourcecode.c.h; path = ADFormViewConstants.h; sourceTree = "<group>"; };
		A25065A617536B5A0095B09D /* ADTableViewCell.h */ = {isa = PBXFileReference; fileEncoding = 4; lastKnownFileType = sourcecode.c.h; path = ADTableViewCell.h; sourceTree = "<group>"; };
		A25065A717536B5A0095B09D /* ADTableViewCell.m */ = {isa = PBXFileReference; fileEncoding = 4; lastKnownFileType = sourcecode.c.objc; path = ADTableViewCell.m; sourceTree = "<group>"; };
		A25065C81753873C0095B09D /* ADButtonCell.h */ = {isa = PBXFileReference; fileEncoding = 4; lastKnownFileType = sourcecode.c.h; path = ADButtonCell.h; sourceTree = "<group>"; };
		A25065C91753873C0095B09D /* ADButtonCell.m */ = {isa = PBXFileReference; fileEncoding = 4; lastKnownFileType = sourcecode.c.objc; path = ADButtonCell.m; sourceTree = "<group>"; };
		A25065CB175387680095B09D /* ADButtonCell.xib */ = {isa = PBXFileReference; fileEncoding = 4; lastKnownFileType = file.xib; path = ADButtonCell.xib; sourceTree = "<group>"; };
/* End PBXFileReference section */

/* Begin PBXFrameworksBuildPhase section */
		A250656F17535DAD0095B09D /* Frameworks */ = {
			isa = PBXFrameworksBuildPhase;
			buildActionMask = 2147483647;
			files = (
				A250658417535DCC0095B09D /* UIKit.framework in Frameworks */,
				A250657617535DAD0095B09D /* Foundation.framework in Frameworks */,
			);
			runOnlyForDeploymentPostprocessing = 0;
		};
/* End PBXFrameworksBuildPhase section */

/* Begin PBXGroup section */
		664076D218B564280063CF45 /* Resources */ = {
			isa = PBXGroup;
			children = (
				664076D418B5645D0063CF45 /* images */,
				664076D318B564460063CF45 /* xib */,
			);
			path = Resources;
			sourceTree = "<group>";
		};
		664076D318B564460063CF45 /* xib */ = {
			isa = PBXGroup;
			children = (
				A25065CB175387680095B09D /* ADButtonCell.xib */,
				6622AEAE18CD89760038B1E1 /* ADDatePickerCell.xib */,
				662DB6A818CEAC8900BD85EE /* ADPickerCell.xib */,
				66F2C17218B5860700C90545 /* ADTextAreaCell.xib */,
				A250659617535E950095B09D /* ADTextFieldCell.xib */,
				66CE294D18BFF4C700D15BF7 /* ADToggleCell.xib */,
			);
			path = xib;
			sourceTree = "<group>";
		};
		664076D418B5645D0063CF45 /* images */ = {
			isa = PBXGroup;
			children = (
				664076D518B564870063CF45 /* arrow-backward.png */,
				664076D618B564870063CF45 /* arrow-backward@2x.png */,
				664076D918B5648E0063CF45 /* arrow-forward.png */,
				664076DA18B5648E0063CF45 /* arrow-forward@2x.png */,
			);
			path = images;
			sourceTree = "<group>";
		};
		A250656917535DAD0095B09D = {
			isa = PBXGroup;
			children = (
				66F2C16218B5683900C90545 /* README.md */,
				66F2C16118B5657700C90545 /* ADFormViewController.podspec */,
				A250657717535DAD0095B09D /* ADFormViewController */,
				A250657417535DAD0095B09D /* Frameworks */,
				A250657317535DAD0095B09D /* Products */,
			);
			sourceTree = "<group>";
		};
		A250657317535DAD0095B09D /* Products */ = {
			isa = PBXGroup;
			children = (
				A250657217535DAD0095B09D /* libADFormViewController.a */,
			);
			name = Products;
			sourceTree = "<group>";
		};
		A250657417535DAD0095B09D /* Frameworks */ = {
			isa = PBXGroup;
			children = (
				A250657517535DAD0095B09D /* Foundation.framework */,
				A250658317535DCC0095B09D /* UIKit.framework */,
				A250658A17535E7E0095B09D /* CoreFoundation.framework */,
			);
			name = Frameworks;
			sourceTree = "<group>";
		};
		A250657717535DAD0095B09D /* ADFormViewController */ = {
			isa = PBXGroup;
			children = (
				664076D218B564280063CF45 /* Resources */,
				A250659D175360D70095B09D /* Objects */,
				A250659A17535EA30095B09D /* Cells */,
				A250657A17535DAD0095B09D /* ADFormViewController.h */,
				A250657C17535DAD0095B09D /* ADFormViewController.m */,
				A250657817535DAD0095B09D /* Supporting Files */,
				A25065A4175362560095B09D /* ADFormViewConstants.h */,
				8456993317FFB3FB003C08B6 /* UIImage+bundle.h */,
				8456993417FFB3FB003C08B6 /* UIImage+bundle.m */,
				8456993E17FFC6F4003C08B6 /* ADFormOptionsViewController.h */,
				8456993F17FFC6F4003C08B6 /* ADFormOptionsViewController.m */,
			);
			path = ADFormViewController;
			sourceTree = "<group>";
		};
		A250657817535DAD0095B09D /* Supporting Files */ = {
			isa = PBXGroup;
			children = (
				A250657917535DAD0095B09D /* ADFormViewController-Prefix.pch */,
			);
			name = "Supporting Files";
			sourceTree = "<group>";
		};
		A250659A17535EA30095B09D /* Cells */ = {
			isa = PBXGroup;
			children = (
				A25065C81753873C0095B09D /* ADButtonCell.h */,
				A25065C91753873C0095B09D /* ADButtonCell.m */,
				8456993B17FFC4A6003C08B6 /* ADOptionCell.h */,
				8456993C17FFC4A6003C08B6 /* ADOptionCell.m */,
				6622AEAF18CD898F0038B1E1 /* ADDatePickerCell.h */,
				6622AEB018CD898F0038B1E1 /* ADDatePickerCell.m */,
				66F2C17E18B5B3A100C90545 /* ADPickerCell.h */,
				66F2C17F18B5B3A100C90545 /* ADPickerCell.m */,
				A25065A617536B5A0095B09D /* ADTableViewCell.h */,
				A25065A717536B5A0095B09D /* ADTableViewCell.m */,
				66F2C16F18B5860100C90545 /* ADTextAreaCell.h */,
				66F2C17018B5860100C90545 /* ADTextAreaCell.m */,
				A250659817535E9F0095B09D /* ADTextFieldCell.h */,
				A250659917535E9F0095B09D /* ADTextFieldCell.m */,
				66CE294E18BFF4DD00D15BF7 /* ADToggleCell.h */,
				66CE294F18BFF4DD00D15BF7 /* ADToggleCell.m */,
			);
			name = Cells;
			sourceTree = "<group>";
		};
		A250659D175360D70095B09D /* Objects */ = {
			isa = PBXGroup;
			children = (
				A25065A1175361330095B09D /* ADCellObject.h */,
				A25065A2175361330095B09D /* ADCellObject.m */,
				A250659E175361090095B09D /* ADSectionObject.h */,
				A250659F175361090095B09D /* ADSectionObject.m */,
			);
			name = Objects;
			sourceTree = "<group>";
		};
/* End PBXGroup section */

/* Begin PBXNativeTarget section */
		A250657117535DAD0095B09D /* ADFormViewController */ = {
			isa = PBXNativeTarget;
			buildConfigurationList = A250658017535DAD0095B09D /* Build configuration list for PBXNativeTarget "ADFormViewController" */;
			buildPhases = (
				A250656E17535DAD0095B09D /* Sources */,
				A250656F17535DAD0095B09D /* Frameworks */,
				A250657017535DAD0095B09D /* CopyFiles */,
			);
			buildRules = (
			);
			dependencies = (
			);
			name = ADFormViewController;
			productName = ADFormViewController;
			productReference = A250657217535DAD0095B09D /* libADFormViewController.a */;
			productType = "com.apple.product-type.library.static";
		};
/* End PBXNativeTarget section */

/* Begin PBXProject section */
		A250656A17535DAD0095B09D /* Project object */ = {
			isa = PBXProject;
			attributes = {
				CLASSPREFIX = AD;
				LastUpgradeCheck = 0460;
				ORGANIZATIONNAME = "Adam Debono";
			};
			buildConfigurationList = A250656D17535DAD0095B09D /* Build configuration list for PBXProject "ADFormViewController" */;
			compatibilityVersion = "Xcode 3.2";
			developmentRegion = English;
			hasScannedForEncodings = 0;
			knownRegions = (
				en,
			);
			mainGroup = A250656917535DAD0095B09D;
			productRefGroup = A250657317535DAD0095B09D /* Products */;
			projectDirPath = "";
			projectRoot = "";
			targets = (
				A250657117535DAD0095B09D /* ADFormViewController */,
			);
		};
/* End PBXProject section */

/* Begin PBXSourcesBuildPhase section */
		A250656E17535DAD0095B09D /* Sources */ = {
			isa = PBXSourcesBuildPhase;
			buildActionMask = 2147483647;
			files = (
				66F2C18018B5B3A100C90545 /* ADPickerCell.m in Sources */,
				A250659C17535F7D0095B09D /* ADTextFieldCell.m in Sources */,
				A25065A0175361090095B09D /* ADSectionObject.m in Sources */,
				6622AEB118CD898F0038B1E1 /* ADDatePickerCell.m in Sources */,
				8456994017FFC6F4003C08B6 /* ADFormOptionsViewController.m in Sources */,
				A25065A3175361330095B09D /* ADCellObject.m in Sources */,
				A25065A5175364E00095B09D /* ADFormViewController.m in Sources */,
				66F2C17118B5860100C90545 /* ADTextAreaCell.m in Sources */,
				66CE295018BFF4DD00D15BF7 /* ADToggleCell.m in Sources */,
				A25065A817536B5A0095B09D /* ADTableViewCell.m in Sources */,
				A25065CA1753873C0095B09D /* ADButtonCell.m in Sources */,
				8456993517FFB3FB003C08B6 /* UIImage+bundle.m in Sources */,
				8456993D17FFC4A6003C08B6 /* ADOptionCell.m in Sources */,
			);
			runOnlyForDeploymentPostprocessing = 0;
		};
/* End PBXSourcesBuildPhase section */

/* Begin XCBuildConfiguration section */
		A250657E17535DAD0095B09D /* Debug */ = {
			isa = XCBuildConfiguration;
			buildSettings = {
				ALWAYS_SEARCH_USER_PATHS = NO;
				CLANG_CXX_LANGUAGE_STANDARD = "gnu++0x";
				CLANG_CXX_LIBRARY = "libc++";
				CLANG_ENABLE_OBJC_ARC = YES;
				CLANG_WARN_CONSTANT_CONVERSION = YES;
				CLANG_WARN_EMPTY_BODY = YES;
				CLANG_WARN_ENUM_CONVERSION = YES;
				CLANG_WARN_INT_CONVERSION = YES;
				CLANG_WARN__DUPLICATE_METHOD_MATCH = YES;
				COPY_PHASE_STRIP = NO;
				GCC_C_LANGUAGE_STANDARD = gnu99;
				GCC_DYNAMIC_NO_PIC = NO;
				GCC_OPTIMIZATION_LEVEL = 0;
				GCC_PREPROCESSOR_DEFINITIONS = (
					"DEBUG=1",
					"$(inherited)",
				);
				GCC_SYMBOLS_PRIVATE_EXTERN = NO;
				GCC_WARN_ABOUT_RETURN_TYPE = YES;
				GCC_WARN_UNINITIALIZED_AUTOS = YES;
				GCC_WARN_UNUSED_VARIABLE = YES;
				IPHONEOS_DEPLOYMENT_TARGET = 6.1;
				ONLY_ACTIVE_ARCH = YES;
				SDKROOT = iphoneos;
			};
			name = Debug;
		};
		A250657F17535DAD0095B09D /* Release */ = {
			isa = XCBuildConfiguration;
			buildSettings = {
				ALWAYS_SEARCH_USER_PATHS = NO;
				CLANG_CXX_LANGUAGE_STANDARD = "gnu++0x";
				CLANG_CXX_LIBRARY = "libc++";
				CLANG_ENABLE_OBJC_ARC = YES;
				CLANG_WARN_CONSTANT_CONVERSION = YES;
				CLANG_WARN_EMPTY_BODY = YES;
				CLANG_WARN_ENUM_CONVERSION = YES;
				CLANG_WARN_INT_CONVERSION = YES;
				CLANG_WARN__DUPLICATE_METHOD_MATCH = YES;
				COPY_PHASE_STRIP = YES;
				GCC_C_LANGUAGE_STANDARD = gnu99;
				GCC_WARN_ABOUT_RETURN_TYPE = YES;
				GCC_WARN_UNINITIALIZED_AUTOS = YES;
				GCC_WARN_UNUSED_VARIABLE = YES;
				IPHONEOS_DEPLOYMENT_TARGET = 6.1;
				SDKROOT = iphoneos;
				VALIDATE_PRODUCT = YES;
			};
			name = Release;
		};
		A250658117535DAD0095B09D /* Debug */ = {
			isa = XCBuildConfiguration;
			buildSettings = {
				DSTROOT = /tmp/ADFormViewController.dst;
				GCC_PRECOMPILE_PREFIX_HEADER = YES;
				GCC_PREFIX_HEADER = "ADFormViewController/ADFormViewController-Prefix.pch";
				OTHER_LDFLAGS = "-ObjC";
				PRODUCT_NAME = "$(TARGET_NAME)";
				SKIP_INSTALL = YES;
			};
			name = Debug;
		};
		A250658217535DAD0095B09D /* Release */ = {
			isa = XCBuildConfiguration;
			buildSettings = {
				DSTROOT = /tmp/ADFormViewController.dst;
				GCC_PRECOMPILE_PREFIX_HEADER = YES;
				GCC_PREFIX_HEADER = "ADFormViewController/ADFormViewController-Prefix.pch";
				OTHER_LDFLAGS = "-ObjC";
				PRODUCT_NAME = "$(TARGET_NAME)";
				SKIP_INSTALL = YES;
			};
			name = Release;
		};
/* End XCBuildConfiguration section */

/* Begin XCConfigurationList section */
		A250656D17535DAD0095B09D /* Build configuration list for PBXProject "ADFormViewController" */ = {
			isa = XCConfigurationList;
			buildConfigurations = (
				A250657E17535DAD0095B09D /* Debug */,
				A250657F17535DAD0095B09D /* Release */,
			);
			defaultConfigurationIsVisible = 0;
			defaultConfigurationName = Release;
		};
		A250658017535DAD0095B09D /* Build configuration list for PBXNativeTarget "ADFormViewController" */ = {
			isa = XCConfigurationList;
			buildConfigurations = (
				A250658117535DAD0095B09D /* Debug */,
				A250658217535DAD0095B09D /* Release */,
			);
			defaultConfigurationIsVisible = 0;
			defaultConfigurationName = Release;
		};
/* End XCConfigurationList section */
	};
	rootObject = A250656A17535DAD0095B09D /* Project object */;
}
